
Microsoft Visual Studio Solution File, Format Version 12.00
# Visual Studio Version 16
VisualStudioVersion = 16.0.31129.286
MinimumVisualStudioVersion = 10.0.40219.1
Project("{FAE04EC0-301F-11D3-BF4B-00C04F79EFBC}") = "WindowsFormsProyecto2", "WindowsFormsProyecto2.csproj", "{F2E0A541-8EED-41D2-B9F1-D4878ECAF579}"
EndProject
Global
	GlobalSection(SolutionConfigurationPlatforms) = preSolution
		Debug|Any CPU = Debug|Any CPU
		Release|Any CPU = Release|Any CPU
	EndGlobalSection
	GlobalSection(ProjectConfigurationPlatforms) = postSolution
		{F2E0A541-8EED-41D2-B9F1-D4878ECAF579}.Debug|Any CPU.ActiveCfg = Debug|Any CPU
		{F2E0A541-8EED-41D2-B9F1-D4878ECAF579}.Debug|Any CPU.Build.0 = Debug|Any CPU
		{F2E0A541-8EED-41D2-B9F1-D4878ECAF579}.Release|Any CPU.ActiveCfg = Release|Any CPU
		{F2E0A541-8EED-41D2-B9F1-D4878ECAF579}.Release|Any CPU.Build.0 = Release|Any CPU
	EndGlobalSection
	GlobalSection(SolutionProperties) = preSolution
		HideSolutionNode = FALSE
	EndGlobalSection
	GlobalSection(ExtensibilityGlobals) = postSolution
		SolutionGuid = {3C2576A1-EA6A-4C5B-AE4D-9A36580F11C0}
	EndGlobalSection
EndGlobal
