
Microsoft Visual Studio Solution File, Format Version 12.00
# Visual Studio Version 16
VisualStudioVersion = 16.0.30907.101
MinimumVisualStudioVersion = 10.0.40219.1
Project("{FAE04EC0-301F-11D3-BF4B-00C04F79EFBC}") = "WService", "WService\WService.csproj", "{0F8CD7F5-65B2-44E2-8FAF-5C9DD50907F2}"
EndProject
Global
	GlobalSection(SolutionConfigurationPlatforms) = preSolution
		Debug|Any CPU = Debug|Any CPU
		Release|Any CPU = Release|Any CPU
	EndGlobalSection
	GlobalSection(ProjectConfigurationPlatforms) = postSolution
		{0F8CD7F5-65B2-44E2-8FAF-5C9DD50907F2}.Debug|Any CPU.ActiveCfg = Debug|Any CPU
		{0F8CD7F5-65B2-44E2-8FAF-5C9DD50907F2}.Debug|Any CPU.Build.0 = Debug|Any CPU
		{0F8CD7F5-65B2-44E2-8FAF-5C9DD50907F2}.Release|Any CPU.ActiveCfg = Release|Any CPU
		{0F8CD7F5-65B2-44E2-8FAF-5C9DD50907F2}.Release|Any CPU.Build.0 = Release|Any CPU
	EndGlobalSection
	GlobalSection(SolutionProperties) = preSolution
		HideSolutionNode = FALSE
	EndGlobalSection
	GlobalSection(ExtensibilityGlobals) = postSolution
		SolutionGuid = {C988145B-ED76-47C4-B2F5-53A52EBA0510}
	EndGlobalSection
EndGlobal
