
Microsoft Visual Studio Solution File, Format Version 12.00
# Visual Studio Version 16
VisualStudioVersion = 16.0.30907.101
MinimumVisualStudioVersion = 10.0.40219.1
Project("{FAE04EC0-301F-11D3-BF4B-00C04F79EFBC}") = "AppWeb3", "AppWeb3\AppWeb3.csproj", "{47F3E8E8-3F50-417B-A8FB-C3847CC50B3A}"
EndProject
Global
	GlobalSection(SolutionConfigurationPlatforms) = preSolution
		Debug|Any CPU = Debug|Any CPU
		Release|Any CPU = Release|Any CPU
	EndGlobalSection
	GlobalSection(ProjectConfigurationPlatforms) = postSolution
		{47F3E8E8-3F50-417B-A8FB-C3847CC50B3A}.Debug|Any CPU.ActiveCfg = Debug|Any CPU
		{47F3E8E8-3F50-417B-A8FB-C3847CC50B3A}.Debug|Any CPU.Build.0 = Debug|Any CPU
		{47F3E8E8-3F50-417B-A8FB-C3847CC50B3A}.Release|Any CPU.ActiveCfg = Release|Any CPU
		{47F3E8E8-3F50-417B-A8FB-C3847CC50B3A}.Release|Any CPU.Build.0 = Release|Any CPU
	EndGlobalSection
	GlobalSection(SolutionProperties) = preSolution
		HideSolutionNode = FALSE
	EndGlobalSection
	GlobalSection(ExtensibilityGlobals) = postSolution
		SolutionGuid = {8F1202DD-9192-469E-B84C-061208EECAC3}
	EndGlobalSection
EndGlobal
